{
    "name": "custom-tests",
    "version": "__VERSION__",
    "lockfileVersion": 2,
    "requires": true,
    "packages": {
        "": {
            "name": "custom-tests",
            "version": "__VERSION__",
            "license": "GPL-2.0-or-later",
            "devDependencies": {
                "bats-helpers": "npm:@drevops/bats-helpers@^1.2"
            }
        },
        "node_modules/bats": {
            "version": "__VERSION__",
            "resolved": "https://registry.npmjs.org/bats/-/bats-__VERSION__.tgz",
            "integrity": "__INTEGRITY__",
            "dev": true,
            "bin": {
                "bats": "bin/bats"
            }
        },
        "node_modules/bats-helpers": {
            "name": "@drevops/bats-helpers",
            "version": "__VERSION__",
            "resolved": "https://registry.npmjs.org/@drevops/bats-helpers/-/bats-helpers-__VERSION__.tgz",
            "integrity": "__INTEGRITY__",
            "dev": true,
            "dependencies": {
                "bats": "__VERSION__"
            }
        }
    },
    "dependencies": {
        "bats": {
            "version": "__VERSION__",
            "resolved": "https://registry.npmjs.org/bats/-/bats-__VERSION__.tgz",
            "integrity": "__INTEGRITY__",
            "dev": true
        },
        "bats-helpers": {
            "version": "npm:@drevops/bats-helpers@__VERSION__",
            "resolved": "https://registry.npmjs.org/@drevops/bats-helpers/-/bats-helpers-__VERSION__.tgz",
            "integrity": "__INTEGRITY__",
            "dev": true,
            "requires": {
                "bats": "__VERSION__"
            }
        }
    }
}
