{
    "name": "scaffold-tests",
    "version": "1.0.0",
    "lockfileVersion": 3,
    "requires": true,
    "packages": {
        "": {
            "name": "scaffold-tests",
            "version": "1.0.0",
            "license": "GPL-2.0-or-later",
            "devDependencies": {
                "bats-helpers": "npm:@drevops/bats-helpers@^1.5"
            }
        },
        "node_modules/bats": {
            "version": "1.13.0",
            "resolved": "https://registry.npmjs.org/bats/-/bats-1.13.0.tgz",
            "integrity": "sha512-giSYKGTOcPZyJDbfbTtzAedLcNWdjCLbXYU3/MwPnjyvDXzu6Dgw8d2M+8jHhZXSmsCMSQqCp+YBsJ603UO4vQ==",
            "dev": true,
            "license": "MIT",
            "bin": {
                "bats": "bin/bats"
            }
        },
        "node_modules/bats-helpers": {
            "name": "@drevops/bats-helpers",
            "version": "1.5.1",
            "resolved": "https://registry.npmjs.org/@drevops/bats-helpers/-/bats-helpers-1.5.1.tgz",
            "integrity": "sha512-RxGHLHivcxyjgMtablXEArVvp8NkEx49YGe1wSSScTl4vad0U2BWkVkqedFBlrieyqegfEKx+tWpuPBz90plMw==",
            "dev": true,
            "license": "GPL-2.0-or-later",
            "dependencies": {
                "bats": "^1"
            }
        }
    }
}
