@@ -1,11 +1,11 @@
 {
-  "name": "@yodashut/force-crystal-docs",
+  "name": "@jeditemple/star-forge-docs",
   "version": "__VERSION__",
   "lockfileVersion": 3,
   "requires": true,
   "packages": {
     "": {
-      "name": "@yodashut/force-crystal-docs",
+      "name": "@jeditemple/star-forge-docs",
       "version": "__VERSION__",
       "dependencies": {
         "@docusaurus/core": "__VERSION__",
